
Microsoft Visual Studio Solution File, Format Version 12.00
# Visual Studio Version 17
VisualStudioVersion = 17.4.33403.182
MinimumVisualStudioVersion = 10.0.40219.1
Project("{FAE04EC0-301F-11D3-BF4B-00C04F79EFBC}") = "C-Sharp_Practice00", "C-Sharp_Practice00\C-Sharp_Practice00.csproj", "{B1B4677B-F657-4AC0-85C3-67DB0A0ACF56}"
EndProject
Global
	GlobalSection(SolutionConfigurationPlatforms) = preSolution
		Debug|Any CPU = Debug|Any CPU
		Release|Any CPU = Release|Any CPU
	EndGlobalSection
	GlobalSection(ProjectConfigurationPlatforms) = postSolution
		{B1B4677B-F657-4AC0-85C3-67DB0A0ACF56}.Debug|Any CPU.ActiveCfg = Debug|Any CPU
		{B1B4677B-F657-4AC0-85C3-67DB0A0ACF56}.Debug|Any CPU.Build.0 = Debug|Any CPU
		{B1B4677B-F657-4AC0-85C3-67DB0A0ACF56}.Release|Any CPU.ActiveCfg = Release|Any CPU
		{B1B4677B-F657-4AC0-85C3-67DB0A0ACF56}.Release|Any CPU.Build.0 = Release|Any CPU
	EndGlobalSection
	GlobalSection(SolutionProperties) = preSolution
		HideSolutionNode = FALSE
	EndGlobalSection
	GlobalSection(ExtensibilityGlobals) = postSolution
		SolutionGuid = {02A0D878-C341-45F1-BAEB-7C47AEAABEC7}
	EndGlobalSection
EndGlobal
